PODS:
  - ReactiveKit (2.1.1)
  - ReactiveUIKit (2.0.1):
    - ReactiveKit (~> 2.0)
  - TTRangeSlider (1.0.4)

DEPENDENCIES:
  - ReactiveKit (~> 2.1)
  - ReactiveUIKit (~> 2.0)
  - TTRangeSlider

SPEC CHECKSUMS:
  ReactiveKit: 93374d66000dc629896472541d22157d6083bf30
  ReactiveUIKit: af6e401a61d196502267ff216b7ac6f4c37c0dc5
  TTRangeSlider: 7c04d9cf84cd5fba96e86b3ded8e5e0b534758b0

PODFILE CHECKSUM: d905cb8a1fd4567b19dae018f87d8579aeac325a

COCOAPODS: 1.0.0
